{
  "name": "xmlextractorts",
  "version": "1.0.0",
  "lockfileVersion": 3,
  "requires": true,
  "packages": {
    "": {
      "name": "xmlextractorts",
      "version": "1.0.0",
      "license": "ISC",
      "dependencies": {
        "he": "^1.2.0",
        "xml-formatter": "^3.7.0"
      },
      "devDependencies": {
        "@types/he": "^1.2.3",
        "@types/node": "^22.19.17",
        "prettier": "^3.8.2",
        "prettier-plugin-xml": "^0.1.0",
        "typescript": "^6.0.2"
      }
    },
    "node_modules/@types/he": {
      "version": "1.2.3",
      "resolved": "https://registry.npmjs.org/@types/he/-/he-1.2.3.tgz",
      "integrity": "sha512-q67/qwlxblDzEDvzHhVkwc1gzVWxaNxeyHUBF4xElrvjL11O+Ytze+1fGpBHlr/H9myiBUaUXNnNPmBHxxfAcA==",
      "dev": true,
      "license": "MIT"
    },
    "node_modules/@types/node": {
      "version": "22.19.17",
      "resolved": "https://registry.npmjs.org/@types/node/-/node-22.19.17.tgz",
      "integrity": "sha512-wGdMcf+vPYM6jikpS/qhg6WiqSV/OhG+jeeHT/KlVqxYfD40iYJf9/AE1uQxVWFvU7MipKRkRv8NSHiCGgPr8Q==",
      "dev": true,
      "license": "MIT",
      "dependencies": {
        "undici-types": "~6.21.0"
      }
    },
    "node_modules/fast-xml-parser": {
      "version": "3.21.1",
      "resolved": "https://registry.npmjs.org/fast-xml-parser/-/fast-xml-parser-3.21.1.tgz",
      "integrity": "sha512-FTFVjYoBOZTJekiUsawGsSYV9QL0A+zDYCRj7y34IO6Jg+2IMYEtQa+bbictpdpV8dHxXywqU7C0gRDEOFtBFg==",
      "dev": true,
      "license": "MIT",
      "dependencies": {
        "strnum": "^1.0.4"
      },
      "bin": {
        "xml2js": "cli.js"
      },
      "funding": {
        "type": "paypal",
        "url": "https://paypal.me/naturalintelligence"
      }
    },
    "node_modules/he": {
      "version": "1.2.0",
      "resolved": "https://registry.npmjs.org/he/-/he-1.2.0.tgz",
      "integrity": "sha512-F/1DnUGPopORZi0ni+CvrCgHQ5FyEAHRLSApuYWMmrbSwoN2Mn/7k+Gl38gJnR7yyDZk6WLXwiGod1JOWNDKGw==",
      "license": "MIT",
      "bin": {
        "he": "bin/he"
      }
    },
    "node_modules/prettier": {
      "version": "3.8.2",
      "resolved": "https://registry.npmjs.org/prettier/-/prettier-3.8.2.tgz",
      "integrity": "sha512-8c3mgTe0ASwWAJK+78dpviD+A8EqhndQPUBpNUIPt6+xWlIigCwfN01lWr9MAede4uqXGTEKeQWTvzb3vjia0Q==",
      "dev": true,
      "license": "MIT",
      "bin": {
        "prettier": "bin/prettier.cjs"
      },
      "engines": {
        "node": ">=14"
      },
      "funding": {
        "url": "https://github.com/prettier/prettier?sponsor=1"
      }
    },
    "node_modules/prettier-plugin-xml": {
      "version": "0.1.0",
      "resolved": "https://registry.npmjs.org/prettier-plugin-xml/-/prettier-plugin-xml-0.1.0.tgz",
      "integrity": "sha512-rywliZ83SVxLT5+OOWjT28g8jgshks61+nN+9e7ss6N519sz5UPS0/NzaS9M+qUYY9GVN0JXEa4R8aJPlMrRAA==",
      "deprecated": "Please migrate over to using @prettier/plugin-xml",
      "dev": true,
      "license": "MIT",
      "dependencies": {
        "fast-xml-parser": "^3.14.0",
        "prettier": ">=1.10"
      }
    },
    "node_modules/strnum": {
      "version": "1.1.2",
      "resolved": "https://registry.npmjs.org/strnum/-/strnum-1.1.2.tgz",
      "integrity": "sha512-vrN+B7DBIoTTZjnPNewwhx6cBA/H+IS7rfW68n7XxC1y7uoiGQBxaKzqucGUgavX15dJgiGztLJ8vxuEzwqBdA==",
      "dev": true,
      "funding": [
        {
          "type": "github",
          "url": "https://github.com/sponsors/NaturalIntelligence"
        }
      ],
      "license": "MIT"
    },
    "node_modules/typescript": {
      "version": "6.0.2",
      "resolved": "https://registry.npmjs.org/typescript/-/typescript-6.0.2.tgz",
      "integrity": "sha512-bGdAIrZ0wiGDo5l8c++HWtbaNCWTS4UTv7RaTH/ThVIgjkveJt83m74bBHMJkuCbslY8ixgLBVZJIOiQlQTjfQ==",
      "dev": true,
      "license": "Apache-2.0",
      "bin": {
        "tsc": "bin/tsc",
        "tsserver": "bin/tsserver"
      },
      "engines": {
        "node": ">=14.17"
      }
    },
    "node_modules/undici-types": {
      "version": "6.21.0",
      "resolved": "https://registry.npmjs.org/undici-types/-/undici-types-6.21.0.tgz",
      "integrity": "sha512-iwDZqg0QAGrg9Rav5H4n0M64c3mkR59cJ6wQp+7C4nI0gsmExaedaYLNO44eT4AtBBwjbTiGPMlt2Md0T9H9JQ==",
      "dev": true,
      "license": "MIT"
    },
    "node_modules/xml-formatter": {
      "version": "3.7.0",
      "resolved": "https://registry.npmjs.org/xml-formatter/-/xml-formatter-3.7.0.tgz",
      "integrity": "sha512-+8qTc3zv2UcJ1v9IsSIce37Dl4MQG14Cp7tWrwmy202UaI1wqRukw5QMX1JHsV+DX64yw77EgGsj2s5wGvuMbQ==",
      "license": "MIT",
      "dependencies": {
        "xml-parser-xo": "^4.1.5"
      },
      "engines": {
        "node": ">= 16"
      }
    },
    "node_modules/xml-parser-xo": {
      "version": "4.1.5",
      "resolved": "https://registry.npmjs.org/xml-parser-xo/-/xml-parser-xo-4.1.5.tgz",
      "integrity": "sha512-TxyRxk9sTOUg3glxSIY6f0nfuqRll2OEF8TspLgh5mZkLuBgheCn3zClcDSGJ58TvNmiwyCCuat4UajPud/5Og==",
      "license": "MIT",
      "engines": {
        "node": ">= 16"
      }
    }
  }
}
